github.com/CodeCompose7/cc-layouts v0.1.1 h1:o7cfql72AyKC8DGIBOlH1zCCJSPwgoBXFIQb0cFvuw0=
github.com/CodeCompose7/cc-layouts v0.1.1/go.mod h1:SvBG0bb8MyUcYB41xYC1qX/ZNDRNjDr4srb7bgkyV0I=
github.com/jpanther/congo/v2 v2.12.2 h1:dr7oI/as+g+FJ6zVLZ3LSVOSRlsJjSsvTO6YP4zbOsQ=
github.com/jpanther/congo/v2 v2.12.2/go.mod h1:1S7DRoO1ZYS4YUdFd1LjTkdyjQwsjFWd8TqSfz3Jd+M=
