github.com/CodeCompose7/cc-layouts v0.1.0 h1:TE5JF44/sq5KxQTSg+NlBylVgy788L3m7YeIuHIAmzI=
github.com/CodeCompose7/cc-layouts v0.1.0/go.mod h1:SvBG0bb8MyUcYB41xYC1qX/ZNDRNjDr4srb7bgkyV0I=
github.com/jpanther/congo/v2 v2.12.2 h1:dr7oI/as+g+FJ6zVLZ3LSVOSRlsJjSsvTO6YP4zbOsQ=
github.com/jpanther/congo/v2 v2.12.2/go.mod h1:1S7DRoO1ZYS4YUdFd1LjTkdyjQwsjFWd8TqSfz3Jd+M=
